<?xml version="1.0" encoding="utf-8"?>
<Project ToolsVersion="4.0" xmlns="http://schemas.microsoft.com/developer/msbuild/2003">
  <ItemGroup>
    <Filter Include="源文件">
      <UniqueIdentifier>{4FC737F1-C7A5-4376-A066-2A32D752A2FF}</UniqueIdentifier>
      <Extensions>cpp;c;cc;cxx;c++;cppm;ixx;def;odl;idl;hpj;bat;asm;asmx</Extensions>
    </Filter>
    <Filter Include="头文件">
      <UniqueIdentifier>{93995380-89BD-4b04-88EB-625FBE52EBFB}</UniqueIdentifier>
      <Extensions>h;hh;hpp;hxx;h++;hm;inl;inc;ipp;xsd</Extensions>
    </Filter>
    <Filter Include="资源文件">
      <UniqueIdentifier>{67DA6AB6-F800-4c08-8B7A-83BB121AAD01}</UniqueIdentifier>
      <Extensions>rc;ico;cur;bmp;dlg;rc2;rct;bin;rgs;gif;jpg;jpeg;jpe;resx;tiff;tif;png;wav;mfcribbon-ms</Extensions>
    </Filter>
  </ItemGroup>
  <ItemGroup>
    <ClCompile Include="src\main.cpp">
      <Filter>源文件</Filter>
    </ClCompile>
    <ClCompile Include="vendor\tgaimage\tgaimage.cpp">
      <Filter>源文件</Filter>
    </ClCompile>
    <ClCompile Include="src\renderer\Renderer.cpp">
      <Filter>源文件</Filter>
    </ClCompile>
    <ClCompile Include="src\utils\Line.cpp">
      <Filter>源文件</Filter>
    </ClCompile>
    <ClCompile Include="src\renderer\model.cpp">
      <Filter>源文件</Filter>
    </ClCompile>
    <ClCompile Include="src\renderer\math.cpp">
      <Filter>源文件</Filter>
    </ClCompile>
    <ClCompile Include="src\utils\Triangle.cpp">
      <Filter>源文件</Filter>
    </ClCompile>
    <ClCompile Include="src\renderer\Camera.cpp">
      <Filter>源文件</Filter>
    </ClCompile>
    <ClCompile Include="src\renderer\shader\FlatShader.cpp">
      <Filter>源文件</Filter>
    </ClCompile>
    <ClCompile Include="src\renderer\shader\GouraudShader.cpp">
      <Filter>源文件</Filter>
    </ClCompile>
    <ClCompile Include="src\renderer\shader\ToonShader.cpp">
      <Filter>源文件</Filter>
    </ClCompile>
    <ClCompile Include="src\renderer\shader\PixelShader.cpp">
      <Filter>源文件</Filter>
    </ClCompile>
    <ClCompile Include="src\renderer\shader\BlinnPhongShader.cpp">
      <Filter>源文件</Filter>
    </ClCompile>
    <ClCompile Include="src\renderer\shader\TBNShader.cpp">
      <Filter>源文件</Filter>
    </ClCompile>
  </ItemGroup>
  <ItemGroup>
    <ClInclude Include="vendor\tgaimage\tgaimage.h">
      <Filter>头文件</Filter>
    </ClInclude>
    <ClInclude Include="src\renderer\Renderer.h">
      <Filter>头文件</Filter>
    </ClInclude>
    <ClInclude Include="src\utils\Line.h">
      <Filter>头文件</Filter>
    </ClInclude>
    <ClInclude Include="src\renderer\math.h">
      <Filter>头文件</Filter>
    </ClInclude>
    <ClInclude Include="src\renderer\model.h">
      <Filter>头文件</Filter>
    </ClInclude>
    <ClInclude Include="src\utils\Triangle.h">
      <Filter>头文件</Filter>
    </ClInclude>
    <ClInclude Include="src\renderer\Camera.h">
      <Filter>头文件</Filter>
    </ClInclude>
    <ClInclude Include="src\renderer\shader\Shader.h">
      <Filter>头文件</Filter>
    </ClInclude>
    <ClInclude Include="src\renderer\shader\FlatShader.h">
      <Filter>头文件</Filter>
    </ClInclude>
    <ClInclude Include="src\renderer\shader\GouraudShader.h">
      <Filter>头文件</Filter>
    </ClInclude>
    <ClInclude Include="src\renderer\shader\ToonShader.h">
      <Filter>头文件</Filter>
    </ClInclude>
    <ClInclude Include="src\renderer\shader\PixelShader.h">
      <Filter>头文件</Filter>
    </ClInclude>
    <ClInclude Include="src\renderer\shader\BlinnPhongShader.h">
      <Filter>头文件</Filter>
    </ClInclude>
    <ClInclude Include="src\renderer\shader\TBNShader.h">
      <Filter>头文件</Filter>
    </ClInclude>
  </ItemGroup>
  <ItemGroup>
    <Image Include="output\output.tga" />
  </ItemGroup>
</Project>